
Microsoft Visual Studio Solution File, Format Version 12.00
# Visual Studio 15
VisualStudioVersion = 15.0.28307.645
MinimumVisualStudioVersion = 10.0.40219.1
Project("{FAE04EC0-301F-11D3-BF4B-00C04F79EFBC}") = "Image_Average_Calculation", "Image_Average_Calculation\Image_Average_Calculation.csproj", "{22477789-3DDF-4D66-94AA-71523CA00DBF}"
EndProject
Project("{FAE04EC0-301F-11D3-BF4B-00C04F79EFBC}") = "Image_Average_CalculationTests", "Image_Average_CalculationTests\Image_Average_CalculationTests.csproj", "{560F9440-5944-44F9-902A-E7224B84EF0D}"
EndProject
Global
	GlobalSection(SolutionConfigurationPlatforms) = preSolution
		Debug|Any CPU = Debug|Any CPU
		Release|Any CPU = Release|Any CPU
	EndGlobalSection
	GlobalSection(ProjectConfigurationPlatforms) = postSolution
		{22477789-3DDF-4D66-94AA-71523CA00DBF}.Debug|Any CPU.ActiveCfg = Debug|Any CPU
		{22477789-3DDF-4D66-94AA-71523CA00DBF}.Debug|Any CPU.Build.0 = Debug|Any CPU
		{22477789-3DDF-4D66-94AA-71523CA00DBF}.Release|Any CPU.ActiveCfg = Release|Any CPU
		{22477789-3DDF-4D66-94AA-71523CA00DBF}.Release|Any CPU.Build.0 = Release|Any CPU
		{560F9440-5944-44F9-902A-E7224B84EF0D}.Debug|Any CPU.ActiveCfg = Debug|Any CPU
		{560F9440-5944-44F9-902A-E7224B84EF0D}.Debug|Any CPU.Build.0 = Debug|Any CPU
		{560F9440-5944-44F9-902A-E7224B84EF0D}.Release|Any CPU.ActiveCfg = Release|Any CPU
		{560F9440-5944-44F9-902A-E7224B84EF0D}.Release|Any CPU.Build.0 = Release|Any CPU
	EndGlobalSection
	GlobalSection(SolutionProperties) = preSolution
		HideSolutionNode = FALSE
	EndGlobalSection
	GlobalSection(ExtensibilityGlobals) = postSolution
		SolutionGuid = {54444DF4-773D-4044-9CBA-7D6334C97B84}
	EndGlobalSection
EndGlobal
